
Microsoft Visual Studio Solution File, Format Version 12.00
# Visual Studio 15
VisualStudioVersion = 15.0.27428.2015
MinimumVisualStudioVersion = 10.0.40219.1
Project("{FAE04EC0-301F-11D3-BF4B-00C04F79EFBC}") = "New_TJ_Tutors_System", "New_TJ_Tutors_System\New_TJ_Tutors_System.csproj", "{D33EA7F4-8564-40BC-85A0-3D2A919A3686}"
EndProject
Global
	GlobalSection(SolutionConfigurationPlatforms) = preSolution
		Debug|Any CPU = Debug|Any CPU
		Release|Any CPU = Release|Any CPU
	EndGlobalSection
	GlobalSection(ProjectConfigurationPlatforms) = postSolution
		{D33EA7F4-8564-40BC-85A0-3D2A919A3686}.Debug|Any CPU.ActiveCfg = Debug|Any CPU
		{D33EA7F4-8564-40BC-85A0-3D2A919A3686}.Debug|Any CPU.Build.0 = Debug|Any CPU
		{D33EA7F4-8564-40BC-85A0-3D2A919A3686}.Release|Any CPU.ActiveCfg = Release|Any CPU
		{D33EA7F4-8564-40BC-85A0-3D2A919A3686}.Release|Any CPU.Build.0 = Release|Any CPU
	EndGlobalSection
	GlobalSection(SolutionProperties) = preSolution
		HideSolutionNode = FALSE
	EndGlobalSection
	GlobalSection(ExtensibilityGlobals) = postSolution
		SolutionGuid = {F290950D-65BA-4B54-8D91-E4D613F290C7}
	EndGlobalSection
EndGlobal
